
Microsoft Visual Studio Solution File, Format Version 12.00
# Visual Studio Version 16
VisualStudioVersion = 16.0.30114.105
MinimumVisualStudioVersion = 10.0.40219.1
Project("{FAE04EC0-301F-11D3-BF4B-00C04F79EFBC}") = "Magile.Application", "Magile.Application\Magile.Application.csproj", "{F5DCCFB7-4B07-4FCB-9520-6FCCDB9AB5E3}"
EndProject
Project("{FAE04EC0-301F-11D3-BF4B-00C04F79EFBC}") = "Magile.CrossCuting", "Magile.CrossCuting\Magile.CrossCuting.csproj", "{48B1BA77-8C23-4A68-874B-9A789A63E649}"
EndProject
Project("{FAE04EC0-301F-11D3-BF4B-00C04F79EFBC}") = "Magile.Data", "Magile.Data\Magile.Data.csproj", "{777EAEC0-78F9-471D-AB29-2DA7E1306EEE}"
EndProject
Project("{FAE04EC0-301F-11D3-BF4B-00C04F79EFBC}") = "Magile.Domain", "Magile.Domain\Magile.Domain.csproj", "{98836970-89E7-4282-80C0-432B33D76511}"
EndProject
Project("{FAE04EC0-301F-11D3-BF4B-00C04F79EFBC}") = "Magile.Service", "Magile.Service\Magile.Service.csproj", "{98FE28FA-1139-4151-AC2D-BE6784A4DF60}"
EndProject
Global
	GlobalSection(SolutionConfigurationPlatforms) = preSolution
		Debug|Any CPU = Debug|Any CPU
		Debug|x64 = Debug|x64
		Debug|x86 = Debug|x86
		Release|Any CPU = Release|Any CPU
		Release|x64 = Release|x64
		Release|x86 = Release|x86
	EndGlobalSection
	GlobalSection(SolutionProperties) = preSolution
		HideSolutionNode = FALSE
	EndGlobalSection
	GlobalSection(ProjectConfigurationPlatforms) = postSolution
		{EC62FA0F-1161-45E0-96EB-A5CCEFFE90FA}.Debug|Any CPU.ActiveCfg = Debug|Any CPU
		{EC62FA0F-1161-45E0-96EB-A5CCEFFE90FA}.Debug|Any CPU.Build.0 = Debug|Any CPU
		{EC62FA0F-1161-45E0-96EB-A5CCEFFE90FA}.Debug|x64.ActiveCfg = Debug|Any CPU
		{EC62FA0F-1161-45E0-96EB-A5CCEFFE90FA}.Debug|x64.Build.0 = Debug|Any CPU
		{EC62FA0F-1161-45E0-96EB-A5CCEFFE90FA}.Debug|x86.ActiveCfg = Debug|Any CPU
		{EC62FA0F-1161-45E0-96EB-A5CCEFFE90FA}.Debug|x86.Build.0 = Debug|Any CPU
		{EC62FA0F-1161-45E0-96EB-A5CCEFFE90FA}.Release|Any CPU.ActiveCfg = Release|Any CPU
		{EC62FA0F-1161-45E0-96EB-A5CCEFFE90FA}.Release|Any CPU.Build.0 = Release|Any CPU
		{EC62FA0F-1161-45E0-96EB-A5CCEFFE90FA}.Release|x64.ActiveCfg = Release|Any CPU
		{EC62FA0F-1161-45E0-96EB-A5CCEFFE90FA}.Release|x64.Build.0 = Release|Any CPU
		{EC62FA0F-1161-45E0-96EB-A5CCEFFE90FA}.Release|x86.ActiveCfg = Release|Any CPU
		{EC62FA0F-1161-45E0-96EB-A5CCEFFE90FA}.Release|x86.Build.0 = Release|Any CPU
		{1C92278B-4C35-433A-B4C0-E83EBA70F7F8}.Debug|Any CPU.ActiveCfg = Debug|Any CPU
		{1C92278B-4C35-433A-B4C0-E83EBA70F7F8}.Debug|Any CPU.Build.0 = Debug|Any CPU
		{1C92278B-4C35-433A-B4C0-E83EBA70F7F8}.Debug|x64.ActiveCfg = Debug|Any CPU
		{1C92278B-4C35-433A-B4C0-E83EBA70F7F8}.Debug|x64.Build.0 = Debug|Any CPU
		{1C92278B-4C35-433A-B4C0-E83EBA70F7F8}.Debug|x86.ActiveCfg = Debug|Any CPU
		{1C92278B-4C35-433A-B4C0-E83EBA70F7F8}.Debug|x86.Build.0 = Debug|Any CPU
		{1C92278B-4C35-433A-B4C0-E83EBA70F7F8}.Release|Any CPU.ActiveCfg = Release|Any CPU
		{1C92278B-4C35-433A-B4C0-E83EBA70F7F8}.Release|Any CPU.Build.0 = Release|Any CPU
		{1C92278B-4C35-433A-B4C0-E83EBA70F7F8}.Release|x64.ActiveCfg = Release|Any CPU
		{1C92278B-4C35-433A-B4C0-E83EBA70F7F8}.Release|x64.Build.0 = Release|Any CPU
		{1C92278B-4C35-433A-B4C0-E83EBA70F7F8}.Release|x86.ActiveCfg = Release|Any CPU
		{1C92278B-4C35-433A-B4C0-E83EBA70F7F8}.Release|x86.Build.0 = Release|Any CPU
		{67555605-5367-4314-9677-605F1CB4616E}.Debug|Any CPU.ActiveCfg = Debug|Any CPU
		{67555605-5367-4314-9677-605F1CB4616E}.Debug|Any CPU.Build.0 = Debug|Any CPU
		{67555605-5367-4314-9677-605F1CB4616E}.Debug|x64.ActiveCfg = Debug|Any CPU
		{67555605-5367-4314-9677-605F1CB4616E}.Debug|x64.Build.0 = Debug|Any CPU
		{67555605-5367-4314-9677-605F1CB4616E}.Debug|x86.ActiveCfg = Debug|Any CPU
		{67555605-5367-4314-9677-605F1CB4616E}.Debug|x86.Build.0 = Debug|Any CPU
		{67555605-5367-4314-9677-605F1CB4616E}.Release|Any CPU.ActiveCfg = Release|Any CPU
		{67555605-5367-4314-9677-605F1CB4616E}.Release|Any CPU.Build.0 = Release|Any CPU
		{67555605-5367-4314-9677-605F1CB4616E}.Release|x64.ActiveCfg = Release|Any CPU
		{67555605-5367-4314-9677-605F1CB4616E}.Release|x64.Build.0 = Release|Any CPU
		{67555605-5367-4314-9677-605F1CB4616E}.Release|x86.ActiveCfg = Release|Any CPU
		{67555605-5367-4314-9677-605F1CB4616E}.Release|x86.Build.0 = Release|Any CPU
		{FCBB1102-CF09-4431-8AC4-B0771D9C2966}.Debug|Any CPU.ActiveCfg = Debug|Any CPU
		{FCBB1102-CF09-4431-8AC4-B0771D9C2966}.Debug|Any CPU.Build.0 = Debug|Any CPU
		{FCBB1102-CF09-4431-8AC4-B0771D9C2966}.Debug|x64.ActiveCfg = Debug|Any CPU
		{FCBB1102-CF09-4431-8AC4-B0771D9C2966}.Debug|x64.Build.0 = Debug|Any CPU
		{FCBB1102-CF09-4431-8AC4-B0771D9C2966}.Debug|x86.ActiveCfg = Debug|Any CPU
		{FCBB1102-CF09-4431-8AC4-B0771D9C2966}.Debug|x86.Build.0 = Debug|Any CPU
		{FCBB1102-CF09-4431-8AC4-B0771D9C2966}.Release|Any CPU.ActiveCfg = Release|Any CPU
		{FCBB1102-CF09-4431-8AC4-B0771D9C2966}.Release|Any CPU.Build.0 = Release|Any CPU
		{FCBB1102-CF09-4431-8AC4-B0771D9C2966}.Release|x64.ActiveCfg = Release|Any CPU
		{FCBB1102-CF09-4431-8AC4-B0771D9C2966}.Release|x64.Build.0 = Release|Any CPU
		{FCBB1102-CF09-4431-8AC4-B0771D9C2966}.Release|x86.ActiveCfg = Release|Any CPU
		{FCBB1102-CF09-4431-8AC4-B0771D9C2966}.Release|x86.Build.0 = Release|Any CPU
		{EF67A612-87FB-4DFD-BFDB-21A36E44BDE9}.Debug|Any CPU.ActiveCfg = Debug|Any CPU
		{EF67A612-87FB-4DFD-BFDB-21A36E44BDE9}.Debug|Any CPU.Build.0 = Debug|Any CPU
		{EF67A612-87FB-4DFD-BFDB-21A36E44BDE9}.Debug|x64.ActiveCfg = Debug|Any CPU
		{EF67A612-87FB-4DFD-BFDB-21A36E44BDE9}.Debug|x64.Build.0 = Debug|Any CPU
		{EF67A612-87FB-4DFD-BFDB-21A36E44BDE9}.Debug|x86.ActiveCfg = Debug|Any CPU
		{EF67A612-87FB-4DFD-BFDB-21A36E44BDE9}.Debug|x86.Build.0 = Debug|Any CPU
		{EF67A612-87FB-4DFD-BFDB-21A36E44BDE9}.Release|Any CPU.ActiveCfg = Release|Any CPU
		{EF67A612-87FB-4DFD-BFDB-21A36E44BDE9}.Release|Any CPU.Build.0 = Release|Any CPU
		{EF67A612-87FB-4DFD-BFDB-21A36E44BDE9}.Release|x64.ActiveCfg = Release|Any CPU
		{EF67A612-87FB-4DFD-BFDB-21A36E44BDE9}.Release|x64.Build.0 = Release|Any CPU
		{EF67A612-87FB-4DFD-BFDB-21A36E44BDE9}.Release|x86.ActiveCfg = Release|Any CPU
		{EF67A612-87FB-4DFD-BFDB-21A36E44BDE9}.Release|x86.Build.0 = Release|Any CPU
		{F5DCCFB7-4B07-4FCB-9520-6FCCDB9AB5E3}.Debug|Any CPU.ActiveCfg = Debug|Any CPU
		{F5DCCFB7-4B07-4FCB-9520-6FCCDB9AB5E3}.Debug|Any CPU.Build.0 = Debug|Any CPU
		{F5DCCFB7-4B07-4FCB-9520-6FCCDB9AB5E3}.Debug|x64.ActiveCfg = Debug|Any CPU
		{F5DCCFB7-4B07-4FCB-9520-6FCCDB9AB5E3}.Debug|x64.Build.0 = Debug|Any CPU
		{F5DCCFB7-4B07-4FCB-9520-6FCCDB9AB5E3}.Debug|x86.ActiveCfg = Debug|Any CPU
		{F5DCCFB7-4B07-4FCB-9520-6FCCDB9AB5E3}.Debug|x86.Build.0 = Debug|Any CPU
		{F5DCCFB7-4B07-4FCB-9520-6FCCDB9AB5E3}.Release|Any CPU.ActiveCfg = Release|Any CPU
		{F5DCCFB7-4B07-4FCB-9520-6FCCDB9AB5E3}.Release|Any CPU.Build.0 = Release|Any CPU
		{F5DCCFB7-4B07-4FCB-9520-6FCCDB9AB5E3}.Release|x64.ActiveCfg = Release|Any CPU
		{F5DCCFB7-4B07-4FCB-9520-6FCCDB9AB5E3}.Release|x64.Build.0 = Release|Any CPU
		{F5DCCFB7-4B07-4FCB-9520-6FCCDB9AB5E3}.Release|x86.ActiveCfg = Release|Any CPU
		{F5DCCFB7-4B07-4FCB-9520-6FCCDB9AB5E3}.Release|x86.Build.0 = Release|Any CPU
		{48B1BA77-8C23-4A68-874B-9A789A63E649}.Debug|Any CPU.ActiveCfg = Debug|Any CPU
		{48B1BA77-8C23-4A68-874B-9A789A63E649}.Debug|Any CPU.Build.0 = Debug|Any CPU
		{48B1BA77-8C23-4A68-874B-9A789A63E649}.Debug|x64.ActiveCfg = Debug|Any CPU
		{48B1BA77-8C23-4A68-874B-9A789A63E649}.Debug|x64.Build.0 = Debug|Any CPU
		{48B1BA77-8C23-4A68-874B-9A789A63E649}.Debug|x86.ActiveCfg = Debug|Any CPU
		{48B1BA77-8C23-4A68-874B-9A789A63E649}.Debug|x86.Build.0 = Debug|Any CPU
		{48B1BA77-8C23-4A68-874B-9A789A63E649}.Release|Any CPU.ActiveCfg = Release|Any CPU
		{48B1BA77-8C23-4A68-874B-9A789A63E649}.Release|Any CPU.Build.0 = Release|Any CPU
		{48B1BA77-8C23-4A68-874B-9A789A63E649}.Release|x64.ActiveCfg = Release|Any CPU
		{48B1BA77-8C23-4A68-874B-9A789A63E649}.Release|x64.Build.0 = Release|Any CPU
		{48B1BA77-8C23-4A68-874B-9A789A63E649}.Release|x86.ActiveCfg = Release|Any CPU
		{48B1BA77-8C23-4A68-874B-9A789A63E649}.Release|x86.Build.0 = Release|Any CPU
		{777EAEC0-78F9-471D-AB29-2DA7E1306EEE}.Debug|Any CPU.ActiveCfg = Debug|Any CPU
		{777EAEC0-78F9-471D-AB29-2DA7E1306EEE}.Debug|Any CPU.Build.0 = Debug|Any CPU
		{777EAEC0-78F9-471D-AB29-2DA7E1306EEE}.Debug|x64.ActiveCfg = Debug|Any CPU
		{777EAEC0-78F9-471D-AB29-2DA7E1306EEE}.Debug|x64.Build.0 = Debug|Any CPU
		{777EAEC0-78F9-471D-AB29-2DA7E1306EEE}.Debug|x86.ActiveCfg = Debug|Any CPU
		{777EAEC0-78F9-471D-AB29-2DA7E1306EEE}.Debug|x86.Build.0 = Debug|Any CPU
		{777EAEC0-78F9-471D-AB29-2DA7E1306EEE}.Release|Any CPU.ActiveCfg = Release|Any CPU
		{777EAEC0-78F9-471D-AB29-2DA7E1306EEE}.Release|Any CPU.Build.0 = Release|Any CPU
		{777EAEC0-78F9-471D-AB29-2DA7E1306EEE}.Release|x64.ActiveCfg = Release|Any CPU
		{777EAEC0-78F9-471D-AB29-2DA7E1306EEE}.Release|x64.Build.0 = Release|Any CPU
		{777EAEC0-78F9-471D-AB29-2DA7E1306EEE}.Release|x86.ActiveCfg = Release|Any CPU
		{777EAEC0-78F9-471D-AB29-2DA7E1306EEE}.Release|x86.Build.0 = Release|Any CPU
		{98836970-89E7-4282-80C0-432B33D76511}.Debug|Any CPU.ActiveCfg = Debug|Any CPU
		{98836970-89E7-4282-80C0-432B33D76511}.Debug|Any CPU.Build.0 = Debug|Any CPU
		{98836970-89E7-4282-80C0-432B33D76511}.Debug|x64.ActiveCfg = Debug|Any CPU
		{98836970-89E7-4282-80C0-432B33D76511}.Debug|x64.Build.0 = Debug|Any CPU
		{98836970-89E7-4282-80C0-432B33D76511}.Debug|x86.ActiveCfg = Debug|Any CPU
		{98836970-89E7-4282-80C0-432B33D76511}.Debug|x86.Build.0 = Debug|Any CPU
		{98836970-89E7-4282-80C0-432B33D76511}.Release|Any CPU.ActiveCfg = Release|Any CPU
		{98836970-89E7-4282-80C0-432B33D76511}.Release|Any CPU.Build.0 = Release|Any CPU
		{98836970-89E7-4282-80C0-432B33D76511}.Release|x64.ActiveCfg = Release|Any CPU
		{98836970-89E7-4282-80C0-432B33D76511}.Release|x64.Build.0 = Release|Any CPU
		{98836970-89E7-4282-80C0-432B33D76511}.Release|x86.ActiveCfg = Release|Any CPU
		{98836970-89E7-4282-80C0-432B33D76511}.Release|x86.Build.0 = Release|Any CPU
		{98FE28FA-1139-4151-AC2D-BE6784A4DF60}.Debug|Any CPU.ActiveCfg = Debug|Any CPU
		{98FE28FA-1139-4151-AC2D-BE6784A4DF60}.Debug|Any CPU.Build.0 = Debug|Any CPU
		{98FE28FA-1139-4151-AC2D-BE6784A4DF60}.Debug|x64.ActiveCfg = Debug|Any CPU
		{98FE28FA-1139-4151-AC2D-BE6784A4DF60}.Debug|x64.Build.0 = Debug|Any CPU
		{98FE28FA-1139-4151-AC2D-BE6784A4DF60}.Debug|x86.ActiveCfg = Debug|Any CPU
		{98FE28FA-1139-4151-AC2D-BE6784A4DF60}.Debug|x86.Build.0 = Debug|Any CPU
		{98FE28FA-1139-4151-AC2D-BE6784A4DF60}.Release|Any CPU.ActiveCfg = Release|Any CPU
		{98FE28FA-1139-4151-AC2D-BE6784A4DF60}.Release|Any CPU.Build.0 = Release|Any CPU
		{98FE28FA-1139-4151-AC2D-BE6784A4DF60}.Release|x64.ActiveCfg = Release|Any CPU
		{98FE28FA-1139-4151-AC2D-BE6784A4DF60}.Release|x64.Build.0 = Release|Any CPU
		{98FE28FA-1139-4151-AC2D-BE6784A4DF60}.Release|x86.ActiveCfg = Release|Any CPU
		{98FE28FA-1139-4151-AC2D-BE6784A4DF60}.Release|x86.Build.0 = Release|Any CPU
	EndGlobalSection
EndGlobal
